
Microsoft Visual Studio Solution File, Format Version 12.00
# Visual Studio Version 17
VisualStudioVersion = 17.0.31903.59
MinimumVisualStudioVersion = 10.0.40219.1
Project("{9A19103F-16F7-4668-BE54-9A1E7A4F7556}") = "Rio.Common", "Rio.Common.csproj", "{BBCAE5FD-DF8C-400D-B524-6404AB39EFB2}"
EndProject
Global
	GlobalSection(SolutionConfigurationPlatforms) = preSolution
		Debug|Any CPU = Debug|Any CPU
		Release|Any CPU = Release|Any CPU
	EndGlobalSection
	GlobalSection(ProjectConfigurationPlatforms) = postSolution
		{BBCAE5FD-DF8C-400D-B524-6404AB39EFB2}.Debug|Any CPU.ActiveCfg = Debug|Any CPU
		{BBCAE5FD-DF8C-400D-B524-6404AB39EFB2}.Debug|Any CPU.Build.0 = Debug|Any CPU
		{BBCAE5FD-DF8C-400D-B524-6404AB39EFB2}.Release|Any CPU.ActiveCfg = Release|Any CPU
		{BBCAE5FD-DF8C-400D-B524-6404AB39EFB2}.Release|Any CPU.Build.0 = Release|Any CPU
	EndGlobalSection
	GlobalSection(SolutionProperties) = preSolution
		HideSolutionNode = FALSE
	EndGlobalSection
	GlobalSection(ExtensibilityGlobals) = postSolution
		SolutionGuid = {4FC73987-9020-4688-B6DC-FD26050DBB0B}
	EndGlobalSection
EndGlobal
